
Microsoft Visual Studio Solution File, Format Version 12.00
# Visual Studio 15
VisualStudioVersion = 15.0.27703.2000
MinimumVisualStudioVersion = 10.0.40219.1
Project("{FAE04EC0-301F-11D3-BF4B-00C04F79EFBC}") = "modul15.2", "modul15.2\modul15.2.csproj", "{D5C35664-F3E8-4A35-969A-82F9A4ABFA7E}"
EndProject
Global
	GlobalSection(SolutionConfigurationPlatforms) = preSolution
		Debug|Any CPU = Debug|Any CPU
		Release|Any CPU = Release|Any CPU
	EndGlobalSection
	GlobalSection(ProjectConfigurationPlatforms) = postSolution
		{D5C35664-F3E8-4A35-969A-82F9A4ABFA7E}.Debug|Any CPU.ActiveCfg = Debug|Any CPU
		{D5C35664-F3E8-4A35-969A-82F9A4ABFA7E}.Debug|Any CPU.Build.0 = Debug|Any CPU
		{D5C35664-F3E8-4A35-969A-82F9A4ABFA7E}.Release|Any CPU.ActiveCfg = Release|Any CPU
		{D5C35664-F3E8-4A35-969A-82F9A4ABFA7E}.Release|Any CPU.Build.0 = Release|Any CPU
	EndGlobalSection
	GlobalSection(SolutionProperties) = preSolution
		HideSolutionNode = FALSE
	EndGlobalSection
	GlobalSection(ExtensibilityGlobals) = postSolution
		SolutionGuid = {FD117620-3A45-463F-BE2F-926CA30D78A8}
	EndGlobalSection
EndGlobal
